
Microsoft Visual Studio Solution File, Format Version 12.00
# Visual Studio Version 16
VisualStudioVersion = 16.0.34601.136
MinimumVisualStudioVersion = 10.0.40219.1
Project("{FAE04EC0-301F-11D3-BF4B-00C04F79EFBC}") = "MVCApp3", "MVCApp3\MVCApp3.csproj", "{7E647991-5C81-4F91-A7D8-BF3090D8891C}"
EndProject
Global
	GlobalSection(SolutionConfigurationPlatforms) = preSolution
		Debug|Any CPU = Debug|Any CPU
		Release|Any CPU = Release|Any CPU
	EndGlobalSection
	GlobalSection(ProjectConfigurationPlatforms) = postSolution
		{7E647991-5C81-4F91-A7D8-BF3090D8891C}.Debug|Any CPU.ActiveCfg = Debug|Any CPU
		{7E647991-5C81-4F91-A7D8-BF3090D8891C}.Debug|Any CPU.Build.0 = Debug|Any CPU
		{7E647991-5C81-4F91-A7D8-BF3090D8891C}.Release|Any CPU.ActiveCfg = Release|Any CPU
		{7E647991-5C81-4F91-A7D8-BF3090D8891C}.Release|Any CPU.Build.0 = Release|Any CPU
	EndGlobalSection
	GlobalSection(SolutionProperties) = preSolution
		HideSolutionNode = FALSE
	EndGlobalSection
	GlobalSection(ExtensibilityGlobals) = postSolution
		SolutionGuid = {C6237FD3-B32F-42F7-B306-D5473B5FB3A7}
	EndGlobalSection
EndGlobal
